PODS:
  - Flutter (1.0.0)
  - integration_test (0.0.1):
    - Flutter
  - webview_ssl (0.0.1):
    - Flutter

DEPENDENCIES:
  - Flutter (from `Flutter`)
  - integration_test (from `.symlinks/plugins/integration_test/ios`)
  - webview_ssl (from `.symlinks/plugins/webview_ssl/ios`)

EXTERNAL SOURCES:
  Flutter:
    :path: Flutter
  integration_test:
    :path: ".symlinks/plugins/integration_test/ios"
  webview_ssl:
    :path: ".symlinks/plugins/webview_ssl/ios"

SPEC CHECKSUMS:
  Flutter: f04841e97a9d0b0a8025694d0796dd46242b2854
  integration_test: 13825b8a9334a850581300559b8839134b124670
  webview_ssl: eeda91e693b5fdf1dfb435904d214b184b795d5a

PODFILE CHECKSUM: a57f30d18f102dd3ce366b1d62a55ecbef2158e5

COCOAPODS: 1.13.0
